
Microsoft Visual Studio Solution File, Format Version 12.00
# Visual Studio Version 17
VisualStudioVersion = 17.0.31903.59
MinimumVisualStudioVersion = 10.0.40219.1
Project("{2150E333-8FDC-42A3-9474-1A3956D46DE8}") = "src", "src", "{F0FD6219-0592-4F1D-BB3D-01B9DA570EE7}"
EndProject
Project("{FAE04EC0-301F-11D3-BF4B-00C04F79EFBC}") = "Cohort.Protocol", "src\Cohort.Protocol\Cohort.Protocol.csproj", "{FC01ADF7-DBA9-4094-8D4E-39FED081EE37}"
EndProject
Project("{FAE04EC0-301F-11D3-BF4B-00C04F79EFBC}") = "Cohort.Engine", "src\Cohort.Engine\Cohort.Engine.csproj", "{8958491A-736C-43C2-9880-3D20C7EF9D78}"
EndProject
Project("{FAE04EC0-301F-11D3-BF4B-00C04F79EFBC}") = "Cohort.Adapters.Abstractions", "src\Cohort.Adapters.Abstractions\Cohort.Adapters.Abstractions.csproj", "{6419AB5E-8F6B-4F76-A557-75F762607828}"
EndProject
Project("{FAE04EC0-301F-11D3-BF4B-00C04F79EFBC}") = "Cohort.SampleGame", "src\Cohort.SampleGame\Cohort.SampleGame.csproj", "{6046DB8C-D407-444D-8890-E572FE406B3E}"
EndProject
Project("{FAE04EC0-301F-11D3-BF4B-00C04F79EFBC}") = "Cohort.Server", "src\Cohort.Server\Cohort.Server.csproj", "{50907F7C-90AC-4BE5-ABC7-EB49E7BA8019}"
EndProject
Project("{2150E333-8FDC-42A3-9474-1A3956D46DE8}") = "tests", "tests", "{DE1DB2CE-4083-40D0-9D5D-C5F6A2CBA1A6}"
EndProject
Project("{FAE04EC0-301F-11D3-BF4B-00C04F79EFBC}") = "Cohort.Engine.Tests", "tests\Cohort.Engine.Tests\Cohort.Engine.Tests.csproj", "{9FD7F8B1-A91B-4F6B-BFEA-9589F6AB5127}"
EndProject
Global
	GlobalSection(SolutionConfigurationPlatforms) = preSolution
		Debug|Any CPU = Debug|Any CPU
		Release|Any CPU = Release|Any CPU
	EndGlobalSection
	GlobalSection(SolutionProperties) = preSolution
		HideSolutionNode = FALSE
	EndGlobalSection
	GlobalSection(ProjectConfigurationPlatforms) = postSolution
		{FC01ADF7-DBA9-4094-8D4E-39FED081EE37}.Debug|Any CPU.ActiveCfg = Debug|Any CPU
		{FC01ADF7-DBA9-4094-8D4E-39FED081EE37}.Debug|Any CPU.Build.0 = Debug|Any CPU
		{FC01ADF7-DBA9-4094-8D4E-39FED081EE37}.Release|Any CPU.ActiveCfg = Release|Any CPU
		{FC01ADF7-DBA9-4094-8D4E-39FED081EE37}.Release|Any CPU.Build.0 = Release|Any CPU
		{8958491A-736C-43C2-9880-3D20C7EF9D78}.Debug|Any CPU.ActiveCfg = Debug|Any CPU
		{8958491A-736C-43C2-9880-3D20C7EF9D78}.Debug|Any CPU.Build.0 = Debug|Any CPU
		{8958491A-736C-43C2-9880-3D20C7EF9D78}.Release|Any CPU.ActiveCfg = Release|Any CPU
		{8958491A-736C-43C2-9880-3D20C7EF9D78}.Release|Any CPU.Build.0 = Release|Any CPU
		{6419AB5E-8F6B-4F76-A557-75F762607828}.Debug|Any CPU.ActiveCfg = Debug|Any CPU
		{6419AB5E-8F6B-4F76-A557-75F762607828}.Debug|Any CPU.Build.0 = Debug|Any CPU
		{6419AB5E-8F6B-4F76-A557-75F762607828}.Release|Any CPU.ActiveCfg = Release|Any CPU
		{6419AB5E-8F6B-4F76-A557-75F762607828}.Release|Any CPU.Build.0 = Release|Any CPU
		{6046DB8C-D407-444D-8890-E572FE406B3E}.Debug|Any CPU.ActiveCfg = Debug|Any CPU
		{6046DB8C-D407-444D-8890-E572FE406B3E}.Debug|Any CPU.Build.0 = Debug|Any CPU
		{6046DB8C-D407-444D-8890-E572FE406B3E}.Release|Any CPU.ActiveCfg = Release|Any CPU
		{6046DB8C-D407-444D-8890-E572FE406B3E}.Release|Any CPU.Build.0 = Release|Any CPU
		{50907F7C-90AC-4BE5-ABC7-EB49E7BA8019}.Debug|Any CPU.ActiveCfg = Debug|Any CPU
		{50907F7C-90AC-4BE5-ABC7-EB49E7BA8019}.Debug|Any CPU.Build.0 = Debug|Any CPU
		{50907F7C-90AC-4BE5-ABC7-EB49E7BA8019}.Release|Any CPU.ActiveCfg = Release|Any CPU
		{50907F7C-90AC-4BE5-ABC7-EB49E7BA8019}.Release|Any CPU.Build.0 = Release|Any CPU
		{9FD7F8B1-A91B-4F6B-BFEA-9589F6AB5127}.Debug|Any CPU.ActiveCfg = Debug|Any CPU
		{9FD7F8B1-A91B-4F6B-BFEA-9589F6AB5127}.Debug|Any CPU.Build.0 = Debug|Any CPU
		{9FD7F8B1-A91B-4F6B-BFEA-9589F6AB5127}.Release|Any CPU.ActiveCfg = Release|Any CPU
		{9FD7F8B1-A91B-4F6B-BFEA-9589F6AB5127}.Release|Any CPU.Build.0 = Release|Any CPU
	EndGlobalSection
	GlobalSection(NestedProjects) = preSolution
		{FC01ADF7-DBA9-4094-8D4E-39FED081EE37} = {F0FD6219-0592-4F1D-BB3D-01B9DA570EE7}
		{8958491A-736C-43C2-9880-3D20C7EF9D78} = {F0FD6219-0592-4F1D-BB3D-01B9DA570EE7}
		{6419AB5E-8F6B-4F76-A557-75F762607828} = {F0FD6219-0592-4F1D-BB3D-01B9DA570EE7}
		{6046DB8C-D407-444D-8890-E572FE406B3E} = {F0FD6219-0592-4F1D-BB3D-01B9DA570EE7}
		{50907F7C-90AC-4BE5-ABC7-EB49E7BA8019} = {F0FD6219-0592-4F1D-BB3D-01B9DA570EE7}
		{9FD7F8B1-A91B-4F6B-BFEA-9589F6AB5127} = {DE1DB2CE-4083-40D0-9D5D-C5F6A2CBA1A6}
	EndGlobalSection
EndGlobal
